// !$*UTF8*$!
{
	archiveVersion = 1;
	classes = {
	};
	objectVersion = 50;
	objects = {

/* Begin PBXBuildFile section */
		5003FABF231CFDB100D06560 /* ZHFilterMenuView.m in Sources */ = {isa = PBXBuildFile; fileRef = 5003FABE231CFDB100D06560 /* ZHFilterMenuView.m */; };
		5006756723A0E997007ADC12 /* FilterViewController.m in Sources */ = {isa = PBXBuildFile; fileRef = 5006756623A0E997007ADC12 /* FilterViewController.m */; };
		500733B823AB67E600BB3B2E /* FilterDataUtil.m in Sources */ = {isa = PBXBuildFile; fileRef = 500733B723AB67E600BB3B2E /* FilterDataUtil.m */; };
		500EFDC0239F84530027721C /* ZHFilterItemTableViewCell.m in Sources */ = {isa = PBXBuildFile; fileRef = 500EFDBE239F84530027721C /* ZHFilterItemTableViewCell.m */; };
		500EFDC1239F84530027721C /* ZHFilterItemTableViewCell.xib in Resources */ = {isa = PBXBuildFile; fileRef = 500EFDBF239F84530027721C /* ZHFilterItemTableViewCell.xib */; };
		500EFDC4239F849A0027721C /* ZHFilterTitleTableViewCell.m in Sources */ = {isa = PBXBuildFile; fileRef = 500EFDC3239F849A0027721C /* ZHFilterTitleTableViewCell.m */; };
		509890F3239A0028007FA433 /* ZHFilterRightView.m in Sources */ = {isa = PBXBuildFile; fileRef = 509890F2239A0028007FA433 /* ZHFilterRightView.m */; };
		509890F9239A0763007FA433 /* ZHFilterModel.m in Sources */ = {isa = PBXBuildFile; fileRef = 509890F8239A0763007FA433 /* ZHFilterModel.m */; };
		509890FC239A0776007FA433 /* ZHFilterItemModel.m in Sources */ = {isa = PBXBuildFile; fileRef = 509890FB239A0776007FA433 /* ZHFilterItemModel.m */; };
		50FD12FE230D20C20030499E /* AppDelegate.m in Sources */ = {isa = PBXBuildFile; fileRef = 50FD12FD230D20C20030499E /* AppDelegate.m */; };
		50FD1301230D20C20030499E /* ViewController.m in Sources */ = {isa = PBXBuildFile; fileRef = 50FD1300230D20C20030499E /* ViewController.m */; };
		50FD1304230D20C20030499E /* Main.storyboard in Resources */ = {isa = PBXBuildFile; fileRef = 50FD1302230D20C20030499E /* Main.storyboard */; };
		50FD1306230D20C40030499E /* Assets.xcassets in Resources */ = {isa = PBXBuildFile; fileRef = 50FD1305230D20C40030499E /* Assets.xcassets */; };
		50FD1309230D20C40030499E /* LaunchScreen.storyboard in Resources */ = {isa = PBXBuildFile; fileRef = 50FD1307230D20C40030499E /* LaunchScreen.storyboard */; };
		50FD130C230D20C40030499E /* main.m in Sources */ = {isa = PBXBuildFile; fileRef = 50FD130B230D20C40030499E /* main.m */; };
		50FD1316230D20C40030499E /* ZHFilterMenuViewTests.m in Sources */ = {isa = PBXBuildFile; fileRef = 50FD1315230D20C40030499E /* ZHFilterMenuViewTests.m */; };
		50FD1321230D20C40030499E /* ZHFilterMenuViewUITests.m in Sources */ = {isa = PBXBuildFile; fileRef = 50FD1320230D20C40030499E /* ZHFilterMenuViewUITests.m */; };
		51E439D176DD75A77A082BA8 /* libPods-ZHFilterMenuView.a in Frameworks */ = {isa = PBXBuildFile; fileRef = BBB4AB243A42B1C39CB36A3F /* libPods-ZHFilterMenuView.a */; };
/* End PBXBuildFile section */

/* Begin PBXContainerItemProxy section */
		50FD1312230D20C40030499E /* PBXContainerItemProxy */ = {
			isa = PBXContainerItemProxy;
			containerPortal = 50FD12F1230D20C20030499E /* Project object */;
			proxyType = 1;
			remoteGlobalIDString = 50FD12F8230D20C20030499E;
			remoteInfo = ZHFilterMenuView;
		};
		50FD131D230D20C40030499E /* PBXContainerItemProxy */ = {
			isa = PBXContainerItemProxy;
			containerPortal = 50FD12F1230D20C20030499E /* Project object */;
			proxyType = 1;
			remoteGlobalIDString = 50FD12F8230D20C20030499E;
			remoteInfo = ZHFilterMenuView;
		};
/* End PBXContainerItemProxy section */

/* Begin PBXFileReference section */
		0AF371853686C03D265217A2 /* Pods-ZHFilterMenuView.debug.xcconfig */ = {isa = PBXFileReference; includeInIndex = 1; lastKnownFileType = text.xcconfig; name = "Pods-ZHFilterMenuView.debug.xcconfig"; path = "Pods/Target Support Files/Pods-ZHFilterMenuView/Pods-ZHFilterMenuView.debug.xcconfig"; sourceTree = "<group>"; };
		5003FABD231CFDB100D06560 /* ZHFilterMenuView.h */ = {isa = PBXFileReference; lastKnownFileType = sourcecode.c.h; path = ZHFilterMenuView.h; sourceTree = "<group>"; };
		5003FABE231CFDB100D06560 /* ZHFilterMenuView.m */ = {isa = PBXFileReference; lastKnownFileType = sourcecode.c.objc; path = ZHFilterMenuView.m; sourceTree = "<group>"; };
		5005D12323A9FAA70040EDB9 /* FilterData.geojson */ = {isa = PBXFileReference; lastKnownFileType = text; path = FilterData.geojson; sourceTree = "<group>"; };
		5006756523A0E997007ADC12 /* FilterViewController.h */ = {isa = PBXFileReference; lastKnownFileType = sourcecode.c.h; path = FilterViewController.h; sourceTree = "<group>"; };
		5006756623A0E997007ADC12 /* FilterViewController.m */ = {isa = PBXFileReference; lastKnownFileType = sourcecode.c.objc; path = FilterViewController.m; sourceTree = "<group>"; };
		500733B623AB67E600BB3B2E /* FilterDataUtil.h */ = {isa = PBXFileReference; lastKnownFileType = sourcecode.c.h; path = FilterDataUtil.h; sourceTree = "<group>"; };
		500733B723AB67E600BB3B2E /* FilterDataUtil.m */ = {isa = PBXFileReference; lastKnownFileType = sourcecode.c.objc; path = FilterDataUtil.m; sourceTree = "<group>"; };
		500EFDBD239F84530027721C /* ZHFilterItemTableViewCell.h */ = {isa = PBXFileReference; lastKnownFileType = sourcecode.c.h; path = ZHFilterItemTableViewCell.h; sourceTree = "<group>"; };
		500EFDBE239F84530027721C /* ZHFilterItemTableViewCell.m */ = {isa = PBXFileReference; lastKnownFileType = sourcecode.c.objc; path = ZHFilterItemTableViewCell.m; sourceTree = "<group>"; };
		500EFDBF239F84530027721C /* ZHFilterItemTableViewCell.xib */ = {isa = PBXFileReference; lastKnownFileType = file.xib; path = ZHFilterItemTableViewCell.xib; sourceTree = "<group>"; };
		500EFDC2239F849A0027721C /* ZHFilterTitleTableViewCell.h */ = {isa = PBXFileReference; lastKnownFileType = sourcecode.c.h; path = ZHFilterTitleTableViewCell.h; sourceTree = "<group>"; };
		500EFDC3239F849A0027721C /* ZHFilterTitleTableViewCell.m */ = {isa = PBXFileReference; lastKnownFileType = sourcecode.c.objc; path = ZHFilterTitleTableViewCell.m; sourceTree = "<group>"; };
		509890F1239A0028007FA433 /* ZHFilterRightView.h */ = {isa = PBXFileReference; lastKnownFileType = sourcecode.c.h; path = ZHFilterRightView.h; sourceTree = "<group>"; };
		509890F2239A0028007FA433 /* ZHFilterRightView.m */ = {isa = PBXFileReference; lastKnownFileType = sourcecode.c.objc; path = ZHFilterRightView.m; sourceTree = "<group>"; };
		509890F7239A0763007FA433 /* ZHFilterModel.h */ = {isa = PBXFileReference; lastKnownFileType = sourcecode.c.h; path = ZHFilterModel.h; sourceTree = "<group>"; };
		509890F8239A0763007FA433 /* ZHFilterModel.m */ = {isa = PBXFileReference; lastKnownFileType = sourcecode.c.objc; path = ZHFilterModel.m; sourceTree = "<group>"; };
		509890FA239A0776007FA433 /* ZHFilterItemModel.h */ = {isa = PBXFileReference; lastKnownFileType = sourcecode.c.h; path = ZHFilterItemModel.h; sourceTree = "<group>"; };
		509890FB239A0776007FA433 /* ZHFilterItemModel.m */ = {isa = PBXFileReference; lastKnownFileType = sourcecode.c.objc; path = ZHFilterItemModel.m; sourceTree = "<group>"; };
		50FD12F9230D20C20030499E /* ZHFilterMenuView.app */ = {isa = PBXFileReference; explicitFileType = wrapper.application; includeInIndex = 0; path = ZHFilterMenuView.app; sourceTree = BUILT_PRODUCTS_DIR; };
		50FD12FC230D20C20030499E /* AppDelegate.h */ = {isa = PBXFileReference; lastKnownFileType = sourcecode.c.h; path = AppDelegate.h; sourceTree = "<group>"; };
		50FD12FD230D20C20030499E /* AppDelegate.m */ = {isa = PBXFileReference; lastKnownFileType = sourcecode.c.objc; path = AppDelegate.m; sourceTree = "<group>"; };
		50FD12FF230D20C20030499E /* ViewController.h */ = {isa = PBXFileReference; lastKnownFileType = sourcecode.c.h; path = ViewController.h; sourceTree = "<group>"; };
		50FD1300230D20C20030499E /* ViewController.m */ = {isa = PBXFileReference; lastKnownFileType = sourcecode.c.objc; path = ViewController.m; sourceTree = "<group>"; };
		50FD1303230D20C20030499E /* Base */ = {isa = PBXFileReference; lastKnownFileType = file.storyboard; name = Base; path = Base.lproj/Main.storyboard; sourceTree = "<group>"; };
		50FD1305230D20C40030499E /* Assets.xcassets */ = {isa = PBXFileReference; lastKnownFileType = folder.assetcatalog; path = Assets.xcassets; sourceTree = "<group>"; };
		50FD1308230D20C40030499E /* Base */ = {isa = PBXFileReference; lastKnownFileType = file.storyboard; name = Base; path = Base.lproj/LaunchScreen.storyboard; sourceTree = "<group>"; };
		50FD130A230D20C40030499E /* Info.plist */ = {isa = PBXFileReference; lastKnownFileType = text.plist.xml; path = Info.plist; sourceTree = "<group>"; };
		50FD130B230D20C40030499E /* main.m */ = {isa = PBXFileReference; lastKnownFileType = sourcecode.c.objc; path = main.m; sourceTree = "<group>"; };
		50FD1311230D20C40030499E /* ZHFilterMenuViewTests.xctest */ = {isa = PBXFileReference; explicitFileType = wrapper.cfbundle; includeInIndex = 0; path = ZHFilterMenuViewTests.xctest; sourceTree = BUILT_PRODUCTS_DIR; };
		50FD1315230D20C40030499E /* ZHFilterMenuViewTests.m */ = {isa = PBXFileReference; lastKnownFileType = sourcecode.c.objc; path = ZHFilterMenuViewTests.m; sourceTree = "<group>"; };
		50FD1317230D20C40030499E /* Info.plist */ = {isa = PBXFileReference; lastKnownFileType = text.plist.xml; path = Info.plist; sourceTree = "<group>"; };
		50FD131C230D20C40030499E /* ZHFilterMenuViewUITests.xctest */ = {isa = PBXFileReference; explicitFileType = wrapper.cfbundle; includeInIndex = 0; path = ZHFilterMenuViewUITests.xctest; sourceTree = BUILT_PRODUCTS_DIR; };
		50FD1320230D20C40030499E /* ZHFilterMenuViewUITests.m */ = {isa = PBXFileReference; lastKnownFileType = sourcecode.c.objc; path = ZHFilterMenuViewUITests.m; sourceTree = "<group>"; };
		50FD1322230D20C40030499E /* Info.plist */ = {isa = PBXFileReference; lastKnownFileType = text.plist.xml; path = Info.plist; sourceTree = "<group>"; };
		707415DD831D57C8391A0FAD /* Pods-ZHFilterMenuView.release.xcconfig */ = {isa = PBXFileReference; includeInIndex = 1; lastKnownFileType = text.xcconfig; name = "Pods-ZHFilterMenuView.release.xcconfig"; path = "Pods/Target Support Files/Pods-ZHFilterMenuView/Pods-ZHFilterMenuView.release.xcconfig"; sourceTree = "<group>"; };
		BBB4AB243A42B1C39CB36A3F /* libPods-ZHFilterMenuView.a */ = {isa = PBXFileReference; explicitFileType = archive.ar; includeInIndex = 0; path = "libPods-ZHFilterMenuView.a"; sourceTree = BUILT_PRODUCTS_DIR; };
/* End PBXFileReference section */

/* Begin PBXFrameworksBuildPhase section */
		50FD12F6230D20C20030499E /* Frameworks */ = {
			isa = PBXFrameworksBuildPhase;
			buildActionMask = 2147483647;
			files = (
				51E439D176DD75A77A082BA8 /* libPods-ZHFilterMenuView.a in Frameworks */,
			);
			runOnlyForDeploymentPostprocessing = 0;
		};
		50FD130E230D20C40030499E /* Frameworks */ = {
			isa = PBXFrameworksBuildPhase;
			buildActionMask = 2147483647;
			files = (
			);
			runOnlyForDeploymentPostprocessing = 0;
		};
		50FD1319230D20C40030499E /* Frameworks */ = {
			isa = PBXFrameworksBuildPhase;
			buildActionMask = 2147483647;
			files = (
			);
			runOnlyForDeploymentPostprocessing = 0;
		};
/* End PBXFrameworksBuildPhase section */

/* Begin PBXGroup section */
		5003FABC231CDC3D00D06560 /* ZHFilterMenuView */ = {
			isa = PBXGroup;
			children = (
				5003FABD231CFDB100D06560 /* ZHFilterMenuView.h */,
				5003FABE231CFDB100D06560 /* ZHFilterMenuView.m */,
				509890F1239A0028007FA433 /* ZHFilterRightView.h */,
				509890F2239A0028007FA433 /* ZHFilterRightView.m */,
				500EFDBD239F84530027721C /* ZHFilterItemTableViewCell.h */,
				500EFDBE239F84530027721C /* ZHFilterItemTableViewCell.m */,
				500EFDBF239F84530027721C /* ZHFilterItemTableViewCell.xib */,
				500EFDC2239F849A0027721C /* ZHFilterTitleTableViewCell.h */,
				500EFDC3239F849A0027721C /* ZHFilterTitleTableViewCell.m */,
				509890F7239A0763007FA433 /* ZHFilterModel.h */,
				509890F8239A0763007FA433 /* ZHFilterModel.m */,
				509890FA239A0776007FA433 /* ZHFilterItemModel.h */,
				509890FB239A0776007FA433 /* ZHFilterItemModel.m */,
			);
			path = ZHFilterMenuView;
			sourceTree = "<group>";
		};
		50FD12F0230D20C20030499E = {
			isa = PBXGroup;
			children = (
				50FD12FB230D20C20030499E /* ZHFilterMenuView */,
				50FD1314230D20C40030499E /* ZHFilterMenuViewTests */,
				50FD131F230D20C40030499E /* ZHFilterMenuViewUITests */,
				50FD12FA230D20C20030499E /* Products */,
				9E61137649957029C2522C06 /* Pods */,
				E3A570C7B1A3F80B71EB50BD /* Frameworks */,
			);
			sourceTree = "<group>";
		};
		50FD12FA230D20C20030499E /* Products */ = {
			isa = PBXGroup;
			children = (
				50FD12F9230D20C20030499E /* ZHFilterMenuView.app */,
				50FD1311230D20C40030499E /* ZHFilterMenuViewTests.xctest */,
				50FD131C230D20C40030499E /* ZHFilterMenuViewUITests.xctest */,
			);
			name = Products;
			sourceTree = "<group>";
		};
		50FD12FB230D20C20030499E /* ZHFilterMenuView */ = {
			isa = PBXGroup;
			children = (
				5003FABC231CDC3D00D06560 /* ZHFilterMenuView */,
				50FD12FC230D20C20030499E /* AppDelegate.h */,
				50FD12FD230D20C20030499E /* AppDelegate.m */,
				50FD12FF230D20C20030499E /* ViewController.h */,
				50FD1300230D20C20030499E /* ViewController.m */,
				5006756523A0E997007ADC12 /* FilterViewController.h */,
				5006756623A0E997007ADC12 /* FilterViewController.m */,
				500733B623AB67E600BB3B2E /* FilterDataUtil.h */,
				500733B723AB67E600BB3B2E /* FilterDataUtil.m */,
				5005D12323A9FAA70040EDB9 /* FilterData.geojson */,
				50FD1302230D20C20030499E /* Main.storyboard */,
				50FD1305230D20C40030499E /* Assets.xcassets */,
				50FD1307230D20C40030499E /* LaunchScreen.storyboard */,
				50FD130A230D20C40030499E /* Info.plist */,
				50FD130B230D20C40030499E /* main.m */,
			);
			path = ZHFilterMenuView;
			sourceTree = "<group>";
		};
		50FD1314230D20C40030499E /* ZHFilterMenuViewTests */ = {
			isa = PBXGroup;
			children = (
				50FD1315230D20C40030499E /* ZHFilterMenuViewTests.m */,
				50FD1317230D20C40030499E /* Info.plist */,
			);
			path = ZHFilterMenuViewTests;
			sourceTree = "<group>";
		};
		50FD131F230D20C40030499E /* ZHFilterMenuViewUITests */ = {
			isa = PBXGroup;
			children = (
				50FD1320230D20C40030499E /* ZHFilterMenuViewUITests.m */,
				50FD1322230D20C40030499E /* Info.plist */,
			);
			path = ZHFilterMenuViewUITests;
			sourceTree = "<group>";
		};
		9E61137649957029C2522C06 /* Pods */ = {
			isa = PBXGroup;
			children = (
				0AF371853686C03D265217A2 /* Pods-ZHFilterMenuView.debug.xcconfig */,
				707415DD831D57C8391A0FAD /* Pods-ZHFilterMenuView.release.xcconfig */,
			);
			name = Pods;
			sourceTree = "<group>";
		};
		E3A570C7B1A3F80B71EB50BD /* Frameworks */ = {
			isa = PBXGroup;
			children = (
				BBB4AB243A42B1C39CB36A3F /* libPods-ZHFilterMenuView.a */,
			);
			name = Frameworks;
			sourceTree = "<group>";
		};
/* End PBXGroup section */

/* Begin PBXNativeTarget section */
		50FD12F8230D20C20030499E /* ZHFilterMenuView */ = {
			isa = PBXNativeTarget;
			buildConfigurationList = 50FD1325230D20C40030499E /* Build configuration list for PBXNativeTarget "ZHFilterMenuView" */;
			buildPhases = (
				B9E3AA76C17370599E728A89 /* [CP] Check Pods Manifest.lock */,
				50FD12F5230D20C20030499E /* Sources */,
				50FD12F6230D20C20030499E /* Frameworks */,
				50FD12F7230D20C20030499E /* Resources */,
				4C7AA6D0C08E303BB15AA2FC /* [CP] Embed Pods Frameworks */,
				D480A790E49B2B04B52CF841 /* [CP] Copy Pods Resources */,
			);
			buildRules = (
			);
			dependencies = (
			);
			name = ZHFilterMenuView;
			productName = ZHFilterMenuView;
			productReference = 50FD12F9230D20C20030499E /* ZHFilterMenuView.app */;
			productType = "com.apple.product-type.application";
		};
		50FD1310230D20C40030499E /* ZHFilterMenuViewTests */ = {
			isa = PBXNativeTarget;
			buildConfigurationList = 50FD1328230D20C40030499E /* Build configuration list for PBXNativeTarget "ZHFilterMenuViewTests" */;
			buildPhases = (
				50FD130D230D20C40030499E /* Sources */,
				50FD130E230D20C40030499E /* Frameworks */,
				50FD130F230D20C40030499E /* Resources */,
			);
			buildRules = (
			);
			dependencies = (
				50FD1313230D20C40030499E /* PBXTargetDependency */,
			);
			name = ZHFilterMenuViewTests;
			productName = ZHFilterMenuViewTests;
			productReference = 50FD1311230D20C40030499E /* ZHFilterMenuViewTests.xctest */;
			productType = "com.apple.product-type.bundle.unit-test";
		};
		50FD131B230D20C40030499E /* ZHFilterMenuViewUITests */ = {
			isa = PBXNativeTarget;
			buildConfigurationList = 50FD132B230D20C40030499E /* Build configuration list for PBXNativeTarget "ZHFilterMenuViewUITests" */;
			buildPhases = (
				50FD1318230D20C40030499E /* Sources */,
				50FD1319230D20C40030499E /* Frameworks */,
				50FD131A230D20C40030499E /* Resources */,
			);
			buildRules = (
			);
			dependencies = (
				50FD131E230D20C40030499E /* PBXTargetDependency */,
			);
			name = ZHFilterMenuViewUITests;
			productName = ZHFilterMenuViewUITests;
			productReference = 50FD131C230D20C40030499E /* ZHFilterMenuViewUITests.xctest */;
			productType = "com.apple.product-type.bundle.ui-testing";
		};
/* End PBXNativeTarget section */

/* Begin PBXProject section */
		50FD12F1230D20C20030499E /* Project object */ = {
			isa = PBXProject;
			attributes = {
				LastUpgradeCheck = 1020;
				ORGANIZATIONNAME = Zhou;
				TargetAttributes = {
					50FD12F8230D20C20030499E = {
						CreatedOnToolsVersion = 10.2.1;
					};
					50FD1310230D20C40030499E = {
						CreatedOnToolsVersion = 10.2.1;
						TestTargetID = 50FD12F8230D20C20030499E;
					};
					50FD131B230D20C40030499E = {
						CreatedOnToolsVersion = 10.2.1;
						TestTargetID = 50FD12F8230D20C20030499E;
					};
				};
			};
			buildConfigurationList = 50FD12F4230D20C20030499E /* Build configuration list for PBXProject "ZHFilterMenuView" */;
			compatibilityVersion = "Xcode 9.3";
			developmentRegion = en;
			hasScannedForEncodings = 0;
			knownRegions = (
				en,
				Base,
			);
			mainGroup = 50FD12F0230D20C20030499E;
			productRefGroup = 50FD12FA230D20C20030499E /* Products */;
			projectDirPath = "";
			projectRoot = "";
			targets = (
				50FD12F8230D20C20030499E /* ZHFilterMenuView */,
				50FD1310230D20C40030499E /* ZHFilterMenuViewTests */,
				50FD131B230D20C40030499E /* ZHFilterMenuViewUITests */,
			);
		};
/* End PBXProject section */

/* Begin PBXResourcesBuildPhase section */
		50FD12F7230D20C20030499E /* Resources */ = {
			isa = PBXResourcesBuildPhase;
			buildActionMask = 2147483647;
			files = (
				500EFDC1239F84530027721C /* ZHFilterItemTableViewCell.xib in Resources */,
				50FD1309230D20C40030499E /* LaunchScreen.storyboard in Resources */,
				50FD1306230D20C40030499E /* Assets.xcassets in Resources */,
				50FD1304230D20C20030499E /* Main.storyboard in Resources */,
			);
			runOnlyForDeploymentPostprocessing = 0;
		};
		50FD130F230D20C40030499E /* Resources */ = {
			isa = PBXResourcesBuildPhase;
			buildActionMask = 2147483647;
			files = (
			);
			runOnlyForDeploymentPostprocessing = 0;
		};
		50FD131A230D20C40030499E /* Resources */ = {
			isa = PBXResourcesBuildPhase;
			buildActionMask = 2147483647;
			files = (
			);
			runOnlyForDeploymentPostprocessing = 0;
		};
/* End PBXResourcesBuildPhase section */

/* Begin PBXShellScriptBuildPhase section */
		4C7AA6D0C08E303BB15AA2FC /* [CP] Embed Pods Frameworks */ = {
			isa = PBXShellScriptBuildPhase;
			buildActionMask = 2147483647;
			files = (
			);
			inputPaths = (
			);
			name = "[CP] Embed Pods Frameworks";
			outputPaths = (
			);
			runOnlyForDeploymentPostprocessing = 0;
			shellPath = /bin/sh;
			shellScript = "\"${SRCROOT}/Pods/Target Support Files/Pods-ZHFilterMenuView/Pods-ZHFilterMenuView-frameworks.sh\"\n";
			showEnvVarsInLog = 0;
		};
		B9E3AA76C17370599E728A89 /* [CP] Check Pods Manifest.lock */ = {
			isa = PBXShellScriptBuildPhase;
			buildActionMask = 2147483647;
			files = (
			);
			inputPaths = (
				"${PODS_PODFILE_DIR_PATH}/Podfile.lock",
				"${PODS_ROOT}/Manifest.lock",
			);
			name = "[CP] Check Pods Manifest.lock";
			outputPaths = (
				"$(DERIVED_FILE_DIR)/Pods-ZHFilterMenuView-checkManifestLockResult.txt",
			);
			runOnlyForDeploymentPostprocessing = 0;
			shellPath = /bin/sh;
			shellScript = "diff \"${PODS_PODFILE_DIR_PATH}/Podfile.lock\" \"${PODS_ROOT}/Manifest.lock\" > /dev/null\nif [ $? != 0 ] ; then\n    # print error to STDERR\n    echo \"error: The sandbox is not in sync with the Podfile.lock. Run 'pod install' or update your CocoaPods installation.\" >&2\n    exit 1\nfi\n# This output is used by Xcode 'outputs' to avoid re-running this script phase.\necho \"SUCCESS\" > \"${SCRIPT_OUTPUT_FILE_0}\"\n";
			showEnvVarsInLog = 0;
		};
		D480A790E49B2B04B52CF841 /* [CP] Copy Pods Resources */ = {
			isa = PBXShellScriptBuildPhase;
			buildActionMask = 2147483647;
			files = (
			);
			inputPaths = (
			);
			name = "[CP] Copy Pods Resources";
			outputPaths = (
			);
			runOnlyForDeploymentPostprocessing = 0;
			shellPath = /bin/sh;
			shellScript = "\"${SRCROOT}/Pods/Target Support Files/Pods-ZHFilterMenuView/Pods-ZHFilterMenuView-resources.sh\"\n";
			showEnvVarsInLog = 0;
		};
/* End PBXShellScriptBuildPhase section */

/* Begin PBXSourcesBuildPhase section */
		50FD12F5230D20C20030499E /* Sources */ = {
			isa = PBXSourcesBuildPhase;
			buildActionMask = 2147483647;
			files = (
				500EFDC0239F84530027721C /* ZHFilterItemTableViewCell.m in Sources */,
				509890F3239A0028007FA433 /* ZHFilterRightView.m in Sources */,
				5006756723A0E997007ADC12 /* FilterViewController.m in Sources */,
				50FD1301230D20C20030499E /* ViewController.m in Sources */,
				5003FABF231CFDB100D06560 /* ZHFilterMenuView.m in Sources */,
				500EFDC4239F849A0027721C /* ZHFilterTitleTableViewCell.m in Sources */,
				50FD130C230D20C40030499E /* main.m in Sources */,
				509890F9239A0763007FA433 /* ZHFilterModel.m in Sources */,
				500733B823AB67E600BB3B2E /* FilterDataUtil.m in Sources */,
				509890FC239A0776007FA433 /* ZHFilterItemModel.m in Sources */,
				50FD12FE230D20C20030499E /* AppDelegate.m in Sources */,
			);
			runOnlyForDeploymentPostprocessing = 0;
		};
		50FD130D230D20C40030499E /* Sources */ = {
			isa = PBXSourcesBuildPhase;
			buildActionMask = 2147483647;
			files = (
				50FD1316230D20C40030499E /* ZHFilterMenuViewTests.m in Sources */,
			);
			runOnlyForDeploymentPostprocessing = 0;
		};
		50FD1318230D20C40030499E /* Sources */ = {
			isa = PBXSourcesBuildPhase;
			buildActionMask = 2147483647;
			files = (
				50FD1321230D20C40030499E /* ZHFilterMenuViewUITests.m in Sources */,
			);
			runOnlyForDeploymentPostprocessing = 0;
		};
/* End PBXSourcesBuildPhase section */

/* Begin PBXTargetDependency section */
		50FD1313230D20C40030499E /* PBXTargetDependency */ = {
			isa = PBXTargetDependency;
			target = 50FD12F8230D20C20030499E /* ZHFilterMenuView */;
			targetProxy = 50FD1312230D20C40030499E /* PBXContainerItemProxy */;
		};
		50FD131E230D20C40030499E /* PBXTargetDependency */ = {
			isa = PBXTargetDependency;
			target = 50FD12F8230D20C20030499E /* ZHFilterMenuView */;
			targetProxy = 50FD131D230D20C40030499E /* PBXContainerItemProxy */;
		};
/* End PBXTargetDependency section */

/* Begin PBXVariantGroup section */
		50FD1302230D20C20030499E /* Main.storyboard */ = {
			isa = PBXVariantGroup;
			children = (
				50FD1303230D20C20030499E /* Base */,
			);
			name = Main.storyboard;
			sourceTree = "<group>";
		};
		50FD1307230D20C40030499E /* LaunchScreen.storyboard */ = {
			isa = PBXVariantGroup;
			children = (
				50FD1308230D20C40030499E /* Base */,
			);
			name = LaunchScreen.storyboard;
			sourceTree = "<group>";
		};
/* End PBXVariantGroup section */

/* Begin XCBuildConfiguration section */
		50FD1323230D20C40030499E /* Debug */ = {
			isa = XCBuildConfiguration;
			buildSettings = {
				ALWAYS_SEARCH_USER_PATHS = NO;
				CLANG_ANALYZER_NONNULL = YES;
				CLANG_ANALYZER_NUMBER_OBJECT_CONVERSION = YES_AGGRESSIVE;
				CLANG_CXX_LANGUAGE_STANDARD = "gnu++14";
				CLANG_CXX_LIBRARY = "libc++";
				CLANG_ENABLE_MODULES = YES;
				CLANG_ENABLE_OBJC_ARC = YES;
				CLANG_ENABLE_OBJC_WEAK = YES;
				CLANG_WARN_BLOCK_CAPTURE_AUTORELEASING = YES;
				CLANG_WARN_BOOL_CONVERSION = YES;
				CLANG_WARN_COMMA = YES;
				CLANG_WARN_CONSTANT_CONVERSION = YES;
				CLANG_WARN_DEPRECATED_OBJC_IMPLEMENTATIONS = YES;
				CLANG_WARN_DIRECT_OBJC_ISA_USAGE = YES_ERROR;
				CLANG_WARN_DOCUMENTATION_COMMENTS = YES;
				CLANG_WARN_EMPTY_BODY = YES;
				CLANG_WARN_ENUM_CONVERSION = YES;
				CLANG_WARN_INFINITE_RECURSION = YES;
				CLANG_WARN_INT_CONVERSION = YES;
				CLANG_WARN_NON_LITERAL_NULL_CONVERSION = YES;
				CLANG_WARN_OBJC_IMPLICIT_RETAIN_SELF = YES;
				CLANG_WARN_OBJC_LITERAL_CONVERSION = YES;
				CLANG_WARN_OBJC_ROOT_CLASS = YES_ERROR;
				CLANG_WARN_RANGE_LOOP_ANALYSIS = YES;
				CLANG_WARN_STRICT_PROTOTYPES = YES;
				CLANG_WARN_SUSPICIOUS_MOVE = YES;
				CLANG_WARN_UNGUARDED_AVAILABILITY = YES_AGGRESSIVE;
				CLANG_WARN_UNREACHABLE_CODE = YES;
				CLANG_WARN__DUPLICATE_METHOD_MATCH = YES;
				CODE_SIGN_IDENTITY = "iPhone Developer";
				COPY_PHASE_STRIP = NO;
				DEBUG_INFORMATION_FORMAT = dwarf;
				ENABLE_STRICT_OBJC_MSGSEND = YES;
				ENABLE_TESTABILITY = YES;
				GCC_C_LANGUAGE_STANDARD = gnu11;
				GCC_DYNAMIC_NO_PIC = NO;
				GCC_NO_COMMON_BLOCKS = YES;
				GCC_OPTIMIZATION_LEVEL = 0;
				GCC_PREPROCESSOR_DEFINITIONS = (
					"DEBUG=1",
					"$(inherited)",
				);
				GCC_WARN_64_TO_32_BIT_CONVERSION = YES;
				GCC_WARN_ABOUT_RETURN_TYPE = YES_ERROR;
				GCC_WARN_UNDECLARED_SELECTOR = YES;
				GCC_WARN_UNINITIALIZED_AUTOS = YES_AGGRESSIVE;
				GCC_WARN_UNUSED_FUNCTION = YES;
				GCC_WARN_UNUSED_VARIABLE = YES;
				IPHONEOS_DEPLOYMENT_TARGET = 12.2;
				MTL_ENABLE_DEBUG_INFO = INCLUDE_SOURCE;
				MTL_FAST_MATH = YES;
				ONLY_ACTIVE_ARCH = YES;
				SDKROOT = iphoneos;
			};
			name = Debug;
		};
		50FD1324230D20C40030499E /* Release */ = {
			isa = XCBuildConfiguration;
			buildSettings = {
				ALWAYS_SEARCH_USER_PATHS = NO;
				CLANG_ANALYZER_NONNULL = YES;
				CLANG_ANALYZER_NUMBER_OBJECT_CONVERSION = YES_AGGRESSIVE;
				CLANG_CXX_LANGUAGE_STANDARD = "gnu++14";
				CLANG_CXX_LIBRARY = "libc++";
				CLANG_ENABLE_MODULES = YES;
				CLANG_ENABLE_OBJC_ARC = YES;
				CLANG_ENABLE_OBJC_WEAK = YES;
				CLANG_WARN_BLOCK_CAPTURE_AUTORELEASING = YES;
				CLANG_WARN_BOOL_CONVERSION = YES;
				CLANG_WARN_COMMA = YES;
				CLANG_WARN_CONSTANT_CONVERSION = YES;
				CLANG_WARN_DEPRECATED_OBJC_IMPLEMENTATIONS = YES;
				CLANG_WARN_DIRECT_OBJC_ISA_USAGE = YES_ERROR;
				CLANG_WARN_DOCUMENTATION_COMMENTS = YES;
				CLANG_WARN_EMPTY_BODY = YES;
				CLANG_WARN_ENUM_CONVERSION = YES;
				CLANG_WARN_INFINITE_RECURSION = YES;
				CLANG_WARN_INT_CONVERSION = YES;
				CLANG_WARN_NON_LITERAL_NULL_CONVERSION = YES;
				CLANG_WARN_OBJC_IMPLICIT_RETAIN_SELF = YES;
				CLANG_WARN_OBJC_LITERAL_CONVERSION = YES;
				CLANG_WARN_OBJC_ROOT_CLASS = YES_ERROR;
				CLANG_WARN_RANGE_LOOP_ANALYSIS = YES;
				CLANG_WARN_STRICT_PROTOTYPES = YES;
				CLANG_WARN_SUSPICIOUS_MOVE = YES;
				CLANG_WARN_UNGUARDED_AVAILABILITY = YES_AGGRESSIVE;
				CLANG_WARN_UNREACHABLE_CODE = YES;
				CLANG_WARN__DUPLICATE_METHOD_MATCH = YES;
				CODE_SIGN_IDENTITY = "iPhone Developer";
				COPY_PHASE_STRIP = NO;
				DEBUG_INFORMATION_FORMAT = "dwarf-with-dsym";
				ENABLE_NS_ASSERTIONS = NO;
				ENABLE_STRICT_OBJC_MSGSEND = YES;
				GCC_C_LANGUAGE_STANDARD = gnu11;
				GCC_NO_COMMON_BLOCKS = YES;
				GCC_WARN_64_TO_32_BIT_CONVERSION = YES;
				GCC_WARN_ABOUT_RETURN_TYPE = YES_ERROR;
				GCC_WARN_UNDECLARED_SELECTOR = YES;
				GCC_WARN_UNINITIALIZED_AUTOS = YES_AGGRESSIVE;
				GCC_WARN_UNUSED_FUNCTION = YES;
				GCC_WARN_UNUSED_VARIABLE = YES;
				IPHONEOS_DEPLOYMENT_TARGET = 12.2;
				MTL_ENABLE_DEBUG_INFO = NO;
				MTL_FAST_MATH = YES;
				SDKROOT = iphoneos;
				VALIDATE_PRODUCT = YES;
			};
			name = Release;
		};
		50FD1326230D20C40030499E /* Debug */ = {
			isa = XCBuildConfiguration;
			baseConfigurationReference = 0AF371853686C03D265217A2 /* Pods-ZHFilterMenuView.debug.xcconfig */;
			buildSettings = {
				ASSETCATALOG_COMPILER_APPICON_NAME = AppIcon;
				CODE_SIGN_STYLE = Automatic;
				DEVELOPMENT_TEAM = 8H6HKVCBR9;
				INFOPLIST_FILE = ZHFilterMenuView/Info.plist;
				IPHONEOS_DEPLOYMENT_TARGET = 8.0;
				LD_RUNPATH_SEARCH_PATHS = "$(inherited) @executable_path/Frameworks";
				PRODUCT_BUNDLE_IDENTIFIER = com.zhouyn.ZHFilterMenuView;
				PRODUCT_NAME = "$(TARGET_NAME)";
				TARGETED_DEVICE_FAMILY = "1,2";
			};
			name = Debug;
		};
		50FD1327230D20C40030499E /* Release */ = {
			isa = XCBuildConfiguration;
			baseConfigurationReference = 707415DD831D57C8391A0FAD /* Pods-ZHFilterMenuView.release.xcconfig */;
			buildSettings = {
				ASSETCATALOG_COMPILER_APPICON_NAME = AppIcon;
				CODE_SIGN_STYLE = Automatic;
				DEVELOPMENT_TEAM = 8H6HKVCBR9;
				INFOPLIST_FILE = ZHFilterMenuView/Info.plist;
				IPHONEOS_DEPLOYMENT_TARGET = 8.0;
				LD_RUNPATH_SEARCH_PATHS = "$(inherited) @executable_path/Frameworks";
				PRODUCT_BUNDLE_IDENTIFIER = com.zhouyn.ZHFilterMenuView;
				PRODUCT_NAME = "$(TARGET_NAME)";
				TARGETED_DEVICE_FAMILY = "1,2";
			};
			name = Release;
		};
		50FD1329230D20C40030499E /* Debug */ = {
			isa = XCBuildConfiguration;
			buildSettings = {
				BUNDLE_LOADER = "$(TEST_HOST)";
				CODE_SIGN_STYLE = Automatic;
				DEVELOPMENT_TEAM = 8H6HKVCBR9;
				INFOPLIST_FILE = ZHFilterMenuViewTests/Info.plist;
				LD_RUNPATH_SEARCH_PATHS = "$(inherited) @executable_path/Frameworks @loader_path/Frameworks";
				PRODUCT_BUNDLE_IDENTIFIER = com.zhouyn.ZHFilterMenuViewTests;
				PRODUCT_NAME = "$(TARGET_NAME)";
				TARGETED_DEVICE_FAMILY = "1,2";
				TEST_HOST = "$(BUILT_PRODUCTS_DIR)/ZHFilterMenuView.app/ZHFilterMenuView";
			};
			name = Debug;
		};
		50FD132A230D20C40030499E /* Release */ = {
			isa = XCBuildConfiguration;
			buildSettings = {
				BUNDLE_LOADER = "$(TEST_HOST)";
				CODE_SIGN_STYLE = Automatic;
				DEVELOPMENT_TEAM = 8H6HKVCBR9;
				INFOPLIST_FILE = ZHFilterMenuViewTests/Info.plist;
				LD_RUNPATH_SEARCH_PATHS = "$(inherited) @executable_path/Frameworks @loader_path/Frameworks";
				PRODUCT_BUNDLE_IDENTIFIER = com.zhouyn.ZHFilterMenuViewTests;
				PRODUCT_NAME = "$(TARGET_NAME)";
				TARGETED_DEVICE_FAMILY = "1,2";
				TEST_HOST = "$(BUILT_PRODUCTS_DIR)/ZHFilterMenuView.app/ZHFilterMenuView";
			};
			name = Release;
		};
		50FD132C230D20C40030499E /* Debug */ = {
			isa = XCBuildConfiguration;
			buildSettings = {
				CODE_SIGN_STYLE = Automatic;
				DEVELOPMENT_TEAM = 8H6HKVCBR9;
				INFOPLIST_FILE = ZHFilterMenuViewUITests/Info.plist;
				LD_RUNPATH_SEARCH_PATHS = "$(inherited) @executable_path/Frameworks @loader_path/Frameworks";
				PRODUCT_BUNDLE_IDENTIFIER = com.zhouyn.ZHFilterMenuViewUITests;
				PRODUCT_NAME = "$(TARGET_NAME)";
				TARGETED_DEVICE_FAMILY = "1,2";
				TEST_TARGET_NAME = ZHFilterMenuView;
			};
			name = Debug;
		};
		50FD132D230D20C40030499E /* Release */ = {
			isa = XCBuildConfiguration;
			buildSettings = {
				CODE_SIGN_STYLE = Automatic;
				DEVELOPMENT_TEAM = 8H6HKVCBR9;
				INFOPLIST_FILE = ZHFilterMenuViewUITests/Info.plist;
				LD_RUNPATH_SEARCH_PATHS = "$(inherited) @executable_path/Frameworks @loader_path/Frameworks";
				PRODUCT_BUNDLE_IDENTIFIER = com.zhouyn.ZHFilterMenuViewUITests;
				PRODUCT_NAME = "$(TARGET_NAME)";
				TARGETED_DEVICE_FAMILY = "1,2";
				TEST_TARGET_NAME = ZHFilterMenuView;
			};
			name = Release;
		};
/* End XCBuildConfiguration section */

/* Begin XCConfigurationList section */
		50FD12F4230D20C20030499E /* Build configuration list for PBXProject "ZHFilterMenuView" */ = {
			isa = XCConfigurationList;
			buildConfigurations = (
				50FD1323230D20C40030499E /* Debug */,
				50FD1324230D20C40030499E /* Release */,
			);
			defaultConfigurationIsVisible = 0;
			defaultConfigurationName = Release;
		};
		50FD1325230D20C40030499E /* Build configuration list for PBXNativeTarget "ZHFilterMenuView" */ = {
			isa = XCConfigurationList;
			buildConfigurations = (
				50FD1326230D20C40030499E /* Debug */,
				50FD1327230D20C40030499E /* Release */,
			);
			defaultConfigurationIsVisible = 0;
			defaultConfigurationName = Release;
		};
		50FD1328230D20C40030499E /* Build configuration list for PBXNativeTarget "ZHFilterMenuViewTests" */ = {
			isa = XCConfigurationList;
			buildConfigurations = (
				50FD1329230D20C40030499E /* Debug */,
				50FD132A230D20C40030499E /* Release */,
			);
			defaultConfigurationIsVisible = 0;
			defaultConfigurationName = Release;
		};
		50FD132B230D20C40030499E /* Build configuration list for PBXNativeTarget "ZHFilterMenuViewUITests" */ = {
			isa = XCConfigurationList;
			buildConfigurations = (
				50FD132C230D20C40030499E /* Debug */,
				50FD132D230D20C40030499E /* Release */,
			);
			defaultConfigurationIsVisible = 0;
			defaultConfigurationName = Release;
		};
/* End XCConfigurationList section */
	};
	rootObject = 50FD12F1230D20C20030499E /* Project object */;
}
